
Microsoft Visual Studio Solution File, Format Version 12.00
# Visual Studio 14
VisualStudioVersion = 14.0.25420.1
MinimumVisualStudioVersion = 10.0.40219.1
Project("{581633EB-B896-402F-8E60-36F3DA191C85}") = "TrainingManager", "TrainingManager\TrainingManager.lsxtproj", "{1ED4AA16-B4E5-4BBC-90D1-728FAC7A3C61}"
EndProject
Project("{FAE04EC0-301F-11D3-BF4B-00C04F79EFBC}") = "TrainingManager.Server", "TrainingManager\TrainingManager.Server\TrainingManager.Server.csproj", "{650C2738-D51E-4C83-8501-C944611787E5}"
EndProject
Project("{FAE04EC0-301F-11D3-BF4B-00C04F79EFBC}") = "TrainingManager.DesktopClient", "TrainingManager\TrainingManager.DesktopClient\TrainingManager.DesktopClient.csproj", "{9CDA8E9B-AA26-40CB-95CF-96F489C661D1}"
EndProject
Global
	GlobalSection(SolutionConfigurationPlatforms) = preSolution
		Debug|Any CPU = Debug|Any CPU
		Release|Any CPU = Release|Any CPU
	EndGlobalSection
	GlobalSection(ProjectConfigurationPlatforms) = postSolution
		{1ED4AA16-B4E5-4BBC-90D1-728FAC7A3C61}.Debug|Any CPU.ActiveCfg = Debug|Any CPU
		{1ED4AA16-B4E5-4BBC-90D1-728FAC7A3C61}.Debug|Any CPU.Build.0 = Debug|Any CPU
		{1ED4AA16-B4E5-4BBC-90D1-728FAC7A3C61}.Release|Any CPU.ActiveCfg = Release|Any CPU
		{1ED4AA16-B4E5-4BBC-90D1-728FAC7A3C61}.Release|Any CPU.Build.0 = Release|Any CPU
		{650C2738-D51E-4C83-8501-C944611787E5}.Debug|Any CPU.ActiveCfg = Debug|Any CPU
		{650C2738-D51E-4C83-8501-C944611787E5}.Debug|Any CPU.Build.0 = Debug|Any CPU
		{650C2738-D51E-4C83-8501-C944611787E5}.Release|Any CPU.ActiveCfg = Release|Any CPU
		{650C2738-D51E-4C83-8501-C944611787E5}.Release|Any CPU.Build.0 = Release|Any CPU
		{9CDA8E9B-AA26-40CB-95CF-96F489C661D1}.Debug|Any CPU.ActiveCfg = Debug|Any CPU
		{9CDA8E9B-AA26-40CB-95CF-96F489C661D1}.Debug|Any CPU.Build.0 = Debug|Any CPU
		{9CDA8E9B-AA26-40CB-95CF-96F489C661D1}.Release|Any CPU.ActiveCfg = Release|Any CPU
		{9CDA8E9B-AA26-40CB-95CF-96F489C661D1}.Release|Any CPU.Build.0 = Release|Any CPU
	EndGlobalSection
	GlobalSection(SolutionProperties) = preSolution
		HideSolutionNode = FALSE
	EndGlobalSection
EndGlobal
